{
  "name": "swagger-export-rfl",
  "version": "0.0.1",
  "lockfileVersion": 2,
  "requires": true,
  "packages": {
    "": {
      "name": "swagger-export-rfl",
      "version": "0.0.1",
      "license": "MIT",
      "dependencies": {
        "fs": "^0.0.1-security"
      },
      "devDependencies": {
        "@types/node": "^17.0.23",
        "@vercel/ncc": "^0.33.3",
        "typescript": "^4.7.0-dev.20220402"
      }
    },
    "node_modules/@types/node": {
      "version": "17.0.23",
      "resolved": "https://registry.npmjs.org/@types/node/-/node-17.0.23.tgz",
      "integrity": "sha512-UxDxWn7dl97rKVeVS61vErvw086aCYhDLyvRQZ5Rk65rZKepaFdm53GeqXaKBuOhED4e9uWq34IC3TdSdJJ2Gw==",
      "dev": true
    },
    "node_modules/@vercel/ncc": {
      "version": "0.33.3",
      "resolved": "https://registry.npmjs.org/@vercel/ncc/-/ncc-0.33.3.tgz",
      "integrity": "sha512-JGZ11QV+/ZcfudW2Cz2JVp54/pJNXbsuWRgSh2ZmmZdQBKXqBtIGrwI1Wyx8nlbzAiEFe7FHi4K1zX4//jxTnQ==",
      "dev": true,
      "bin": {
        "ncc": "dist/ncc/cli.js"
      }
    },
    "node_modules/fs": {
      "version": "0.0.1-security",
      "resolved": "https://registry.npmjs.org/fs/-/fs-0.0.1-security.tgz",
      "integrity": "sha1-invTcYa23d84E/I4WLV+yq9eQdQ="
    },
    "node_modules/typescript": {
      "version": "4.7.0-dev.20220402",
      "resolved": "https://registry.npmjs.org/typescript/-/typescript-4.7.0-dev.20220402.tgz",
      "integrity": "sha512-0T97mVZ2t5hF3K9uWWvLqrGByAwwauXWMTJ09AWQKPMyzyo5WUFJr/XEOPbnamPNjVX4YtqerCf8uf49XYbqKg==",
      "dev": true,
      "bin": {
        "tsc": "bin/tsc",
        "tsserver": "bin/tsserver"
      },
      "engines": {
        "node": ">=4.2.0"
      }
    }
  },
  "dependencies": {
    "@types/node": {
      "version": "17.0.23",
      "resolved": "https://registry.npmjs.org/@types/node/-/node-17.0.23.tgz",
      "integrity": "sha512-UxDxWn7dl97rKVeVS61vErvw086aCYhDLyvRQZ5Rk65rZKepaFdm53GeqXaKBuOhED4e9uWq34IC3TdSdJJ2Gw==",
      "dev": true
    },
    "@vercel/ncc": {
      "version": "0.33.3",
      "resolved": "https://registry.npmjs.org/@vercel/ncc/-/ncc-0.33.3.tgz",
      "integrity": "sha512-JGZ11QV+/ZcfudW2Cz2JVp54/pJNXbsuWRgSh2ZmmZdQBKXqBtIGrwI1Wyx8nlbzAiEFe7FHi4K1zX4//jxTnQ==",
      "dev": true
    },
    "fs": {
      "version": "0.0.1-security",
      "resolved": "https://registry.npmjs.org/fs/-/fs-0.0.1-security.tgz",
      "integrity": "sha1-invTcYa23d84E/I4WLV+yq9eQdQ="
    },
    "typescript": {
      "version": "4.7.0-dev.20220402",
      "resolved": "https://registry.npmjs.org/typescript/-/typescript-4.7.0-dev.20220402.tgz",
      "integrity": "sha512-0T97mVZ2t5hF3K9uWWvLqrGByAwwauXWMTJ09AWQKPMyzyo5WUFJr/XEOPbnamPNjVX4YtqerCf8uf49XYbqKg==",
      "dev": true
    }
  }
}
